
Microsoft Visual Studio Solution File, Format Version 12.00
# Visual Studio Version 17
VisualStudioVersion = 17.14.36414.22 d17.14
MinimumVisualStudioVersion = 10.0.40219.1
Project("{FAE04EC0-301F-11D3-BF4B-00C04F79EFBC}") = "Abstracciones", "Abstracciones\Abstracciones.csproj", "{1307393A-9786-4522-AD44-23081AA71795}"
EndProject
Project("{FAE04EC0-301F-11D3-BF4B-00C04F79EFBC}") = "API", "API\API.csproj", "{34A9FEFE-01C7-487B-8BE9-D2D10FD08B0E}"
EndProject
Project("{FAE04EC0-301F-11D3-BF4B-00C04F79EFBC}") = "Flujo", "Flujo\Flujo.csproj", "{4BBDDBDF-48DC-46BA-BC95-5108AC6B8641}"
EndProject
Project("{FAE04EC0-301F-11D3-BF4B-00C04F79EFBC}") = "DA", "DA\DA.csproj", "{D5F0B33F-F126-4306-82F7-C8B9ED2A50EA}"
EndProject
Project("{00D1A9C2-B5F0-4AF3-8072-F6C62B433612}") = "BD", "BD\BD.sqlproj", "{6FB0F582-A872-4824-AABF-13B422A0AB64}"
EndProject
Global
	GlobalSection(SolutionConfigurationPlatforms) = preSolution
		Debug|Any CPU = Debug|Any CPU
		Release|Any CPU = Release|Any CPU
	EndGlobalSection
	GlobalSection(ProjectConfigurationPlatforms) = postSolution
		{1307393A-9786-4522-AD44-23081AA71795}.Debug|Any CPU.ActiveCfg = Debug|Any CPU
		{1307393A-9786-4522-AD44-23081AA71795}.Debug|Any CPU.Build.0 = Debug|Any CPU
		{1307393A-9786-4522-AD44-23081AA71795}.Release|Any CPU.ActiveCfg = Release|Any CPU
		{1307393A-9786-4522-AD44-23081AA71795}.Release|Any CPU.Build.0 = Release|Any CPU
		{34A9FEFE-01C7-487B-8BE9-D2D10FD08B0E}.Debug|Any CPU.ActiveCfg = Debug|Any CPU
		{34A9FEFE-01C7-487B-8BE9-D2D10FD08B0E}.Debug|Any CPU.Build.0 = Debug|Any CPU
		{34A9FEFE-01C7-487B-8BE9-D2D10FD08B0E}.Release|Any CPU.ActiveCfg = Release|Any CPU
		{34A9FEFE-01C7-487B-8BE9-D2D10FD08B0E}.Release|Any CPU.Build.0 = Release|Any CPU
		{4BBDDBDF-48DC-46BA-BC95-5108AC6B8641}.Debug|Any CPU.ActiveCfg = Debug|Any CPU
		{4BBDDBDF-48DC-46BA-BC95-5108AC6B8641}.Debug|Any CPU.Build.0 = Debug|Any CPU
		{4BBDDBDF-48DC-46BA-BC95-5108AC6B8641}.Release|Any CPU.ActiveCfg = Release|Any CPU
		{4BBDDBDF-48DC-46BA-BC95-5108AC6B8641}.Release|Any CPU.Build.0 = Release|Any CPU
		{D5F0B33F-F126-4306-82F7-C8B9ED2A50EA}.Debug|Any CPU.ActiveCfg = Debug|Any CPU
		{D5F0B33F-F126-4306-82F7-C8B9ED2A50EA}.Debug|Any CPU.Build.0 = Debug|Any CPU
		{D5F0B33F-F126-4306-82F7-C8B9ED2A50EA}.Release|Any CPU.ActiveCfg = Release|Any CPU
		{D5F0B33F-F126-4306-82F7-C8B9ED2A50EA}.Release|Any CPU.Build.0 = Release|Any CPU
		{6FB0F582-A872-4824-AABF-13B422A0AB64}.Debug|Any CPU.ActiveCfg = Debug|Any CPU
		{6FB0F582-A872-4824-AABF-13B422A0AB64}.Debug|Any CPU.Build.0 = Debug|Any CPU
		{6FB0F582-A872-4824-AABF-13B422A0AB64}.Debug|Any CPU.Deploy.0 = Debug|Any CPU
		{6FB0F582-A872-4824-AABF-13B422A0AB64}.Release|Any CPU.ActiveCfg = Release|Any CPU
		{6FB0F582-A872-4824-AABF-13B422A0AB64}.Release|Any CPU.Build.0 = Release|Any CPU
		{6FB0F582-A872-4824-AABF-13B422A0AB64}.Release|Any CPU.Deploy.0 = Release|Any CPU
	EndGlobalSection
	GlobalSection(SolutionProperties) = preSolution
		HideSolutionNode = FALSE
	EndGlobalSection
	GlobalSection(ExtensibilityGlobals) = postSolution
		SolutionGuid = {DDC9338A-5C0C-4FDC-B384-9FDB465DDBF8}
	EndGlobalSection
EndGlobal
